
Microsoft Visual Studio Solution File, Format Version 12.00
# Visual Studio Version 17
VisualStudioVersion = 17.5.002.0
MinimumVisualStudioVersion = 10.0.40219.1
Project("{9A19103F-16F7-4668-BE54-9A1E7A4F7556}") = "tl1-tp7-2024-agos4567", "tl1-tp7-2024-agos4567.csproj", "{47CB6EA8-C755-452A-ADAA-FFF7F45186A3}"
EndProject
Global
	GlobalSection(SolutionConfigurationPlatforms) = preSolution
		Debug|Any CPU = Debug|Any CPU
		Release|Any CPU = Release|Any CPU
	EndGlobalSection
	GlobalSection(ProjectConfigurationPlatforms) = postSolution
		{47CB6EA8-C755-452A-ADAA-FFF7F45186A3}.Debug|Any CPU.ActiveCfg = Debug|Any CPU
		{47CB6EA8-C755-452A-ADAA-FFF7F45186A3}.Debug|Any CPU.Build.0 = Debug|Any CPU
		{47CB6EA8-C755-452A-ADAA-FFF7F45186A3}.Release|Any CPU.ActiveCfg = Release|Any CPU
		{47CB6EA8-C755-452A-ADAA-FFF7F45186A3}.Release|Any CPU.Build.0 = Release|Any CPU
	EndGlobalSection
	GlobalSection(SolutionProperties) = preSolution
		HideSolutionNode = FALSE
	EndGlobalSection
	GlobalSection(ExtensibilityGlobals) = postSolution
		SolutionGuid = {08DE6676-55F5-4869-A8AA-3DA45FE9FEAD}
	EndGlobalSection
EndGlobal
